{
    "_readme": [
        "This file locks the dependencies of your project to a known state",
        "Read more about it at https://getcomposer.org/doc/01-basic-usage.md#composer-lock-the-lock-file",
        "This file is @generated automatically"
    ],
    "hash": "65b285a554daa9129064a1de73b1cc39",
    "content-hash": "3834e90a8a0d15cab18b6fbebf8146ac",
    "packages": [
        {
            "name": "composer/installers",
            "version": "dev-master",
            "source": {
                "type": "git",
                "url": "https://github.com/composer/installers.git",
                "reference": "99e6aa7cea46b0d4e7b5bf0ae8f1a69662c7ea3f"
            },
            "dist": {
                "type": "zip",
                "url": "https://api.github.com/repos/composer/installers/zipball/99e6aa7cea46b0d4e7b5bf0ae8f1a69662c7ea3f",
                "reference": "99e6aa7cea46b0d4e7b5bf0ae8f1a69662c7ea3f",
                "shasum": ""
            },
            "require": {
                "composer-plugin-api": "^1.0"
            },
            "replace": {
                "roundcube/plugin-installer": "*",
                "shama/baton": "*"
            },
            "require-dev": {
                "composer/composer": "1.0.*@dev",
                "phpunit/phpunit": "4.1.*"
            },
            "type": "composer-plugin",
            "extra": {
                "class": "Composer\\Installers\\Plugin",
                "branch-alias": {
                    "dev-master": "1.0-dev"
                }
            },
            "autoload": {
                "psr-4": {
                    "Composer\\Installers\\": "src/Composer/Installers"
                }
            },
            "notification-url": "https://packagist.org/downloads/",
            "license": [
                "MIT"
            ],
            "authors": [
                {
                    "name": "Kyle Robinson Young",
                    "email": "kyle@dontkry.com",
                    "homepage": "https://github.com/shama"
                }
            ],
            "description": "A multi-framework Composer library installer",
            "homepage": "https://composer.github.io/installers/",
            "keywords": [
                "Craft",
                "Dolibarr",
                "Hurad",
                "ImageCMS",
                "MODX Evo",
                "Mautic",
                "OXID",
                "RadPHP",
                "SMF",
                "Thelia",
                "WolfCMS",
                "agl",
                "aimeos",
                "annotatecms",
                "attogram",
                "bitrix",
                "cakephp",
                "chef",
                "cockpit",
                "codeigniter",
                "concrete5",
                "croogo",
                "dokuwiki",
                "drupal",
                "elgg",
                "expressionengine",
                "fuelphp",
                "grav",
                "installer",
                "joomla",
                "kohana",
                "laravel",
                "lithium",
                "magento",
                "mako",
                "mediawiki",
                "modulework",
                "moodle",
                "phpbb",
                "piwik",
                "ppi",
                "puppet",
                "reindex",
                "roundcube",
                "shopware",
                "silverstripe",
                "symfony",
                "typo3",
                "wordpress",
                "zend",
                "zikula"
            ],
            "time": "2016-07-28 21:20:57"
        },
        {
            "name": "johnpbloch/wordpress",
            "version": "4.5",
            "source": {
                "type": "git",
                "url": "https://github.com/johnpbloch/wordpress.git",
                "reference": "a975896d0806f3dc1ccf3e170f91226440b267cb"
            },
            "dist": {
                "type": "zip",
                "url": "https://api.github.com/repos/johnpbloch/wordpress/zipball/a975896d0806f3dc1ccf3e170f91226440b267cb",
                "reference": "a975896d0806f3dc1ccf3e170f91226440b267cb",
                "shasum": ""
            },
            "require": {
                "johnpbloch/wordpress-core-installer": "~0.2",
                "php": ">=5.3.2"
            },
            "type": "wordpress-core",
            "notification-url": "https://packagist.org/downloads/",
            "license": [
                "GPL-2.0+"
            ],
            "authors": [
                {
                    "name": "WordPress Community",
                    "homepage": "http://wordpress.org/about/"
                }
            ],
            "description": "WordPress is web software you can use to create a beautiful website or blog.",
            "homepage": "http://wordpress.org/",
            "keywords": [
                "blog",
                "cms"
            ],
            "time": "2016-04-12 17:46:20"
        },
        {
            "name": "johnpbloch/wordpress-core-installer",
            "version": "0.2.1",
            "source": {
                "type": "git",
                "url": "https://github.com/johnpbloch/wordpress-core-installer.git",
                "reference": "a04c2c383ef13aae077f36799ed2eafdebd618d2"
            },
            "dist": {
                "type": "zip",
                "url": "https://api.github.com/repos/johnpbloch/wordpress-core-installer/zipball/a04c2c383ef13aae077f36799ed2eafdebd618d2",
                "reference": "a04c2c383ef13aae077f36799ed2eafdebd618d2",
                "shasum": ""
            },
            "require": {
                "composer-plugin-api": "^1.0"
            },
            "conflict": {
                "composer/installers": "<1.0.6"
            },
            "require-dev": {
                "composer/composer": "1.0.*@dev"
            },
            "type": "composer-plugin",
            "extra": {
                "class": "johnpbloch\\Composer\\WordPressCorePlugin"
            },
            "autoload": {
                "psr-0": {
                    "johnpbloch\\Composer\\": "src/"
                }
            },
            "notification-url": "https://packagist.org/downloads/",
            "license": [
                "GPL-2.0+"
            ],
            "authors": [
                {
                    "name": "John P. Bloch",
                    "email": "me@johnpbloch.com"
                }
            ],
            "description": "A custom installer to handle deploying WordPress with composer",
            "keywords": [
                "wordpress"
            ],
            "time": "2015-06-11 15:15:30"
        },
        {
            "name": "wpackagist-plugin/helpful-information",
            "version": "1.0.2",
            "source": {
                "type": "svn",
                "url": "https://plugins.svn.wordpress.org/helpful-information/",
                "reference": "tags/1.0.2"
            },
            "dist": {
                "type": "zip",
                "url": "https://downloads.wordpress.org/plugin/helpful-information.1.0.2.zip",
                "reference": null,
                "shasum": null
            },
            "require": {
                "composer/installers": "~1.0"
            },
            "type": "wordpress-plugin",
            "homepage": "https://wordpress.org/plugins/helpful-information/"
        },
        {
            "name": "wpackagist-plugin/query-monitor",
            "version": "2.10.0",
            "source": {
                "type": "svn",
                "url": "https://plugins.svn.wordpress.org/query-monitor/",
                "reference": "tags/2.10.0"
            },
            "dist": {
                "type": "zip",
                "url": "https://downloads.wordpress.org/plugin/query-monitor.2.10.0.zip",
                "reference": null,
                "shasum": null
            },
            "require": {
                "composer/installers": "~1.0"
            },
            "type": "wordpress-plugin",
            "homepage": "https://wordpress.org/plugins/query-monitor/"
        },
        {
            "name": "wpackagist-plugin/wp-redis",
            "version": "0.2.2",
            "source": {
                "type": "svn",
                "url": "https://plugins.svn.wordpress.org/wp-redis/",
                "reference": "tags/0.2.2"
            },
            "dist": {
                "type": "zip",
                "url": "https://downloads.wordpress.org/plugin/wp-redis.0.2.2.zip",
                "reference": null,
                "shasum": null
            },
            "require": {
                "composer/installers": "~1.0"
            },
            "type": "wordpress-plugin",
            "homepage": "https://wordpress.org/plugins/wp-redis/"
        },
        {
            "name": "wpackagist-theme/twentysixteen",
            "version": "1.2",
            "source": {
                "type": "svn",
                "url": "https://themes.svn.wordpress.org/twentysixteen/",
                "reference": "1.2"
            },
            "dist": {
                "type": "zip",
                "url": "https://downloads.wordpress.org/theme/twentysixteen.1.2.zip",
                "reference": null,
                "shasum": null
            },
            "require": {
                "composer/installers": "~1.0"
            },
            "type": "wordpress-theme",
            "homepage": "https://wordpress.org/themes/twentysixteen/"
        },
        {
            "name": "wplib/wplib",
            "version": "0.13.1",
            "source": {
                "type": "git",
                "url": "https://github.com/wplib/wplib.git",
                "reference": "7e90759786617f07335dcf915c377bc761baac90"
            },
            "require": {
                "php": ">=5.4.0"
            },
            "suggest": {
                "wplib/wplib-box": "The Easiest Local Development Solution for WordPress Developers"
            },
            "type": "library",
            "autoload": {
                "psr-0": {
                    "WPLib_": "includes/"
                }
            },
            "license": [
                "GPL-2.0+"
            ],
            "authors": [
                {
                    "name": "The WPLib Team",
                    "email": "team@wplib.org",
                    "homepage": "http://wplib.org",
                    "role": "Supporting Organization"
                },
                {
                    "name": "Mike Schinkel",
                    "email": "mike@newclarity.net",
                    "homepage": "http://about.me/mikeschinkel",
                    "role": "Architect and Developer"
                },
                {
                    "name": "Daryl Lozupone",
                    "email": "daryl@newclarity.net",
                    "homepage": "https://www.linkedin.com/in/daryllozupone",
                    "role": "DevOp and Developer"
                }
            ],
            "description": "A PHP Library that Adds Modules and Applications to WordPress",
            "homepage": "http://github.com/wplib/wplib",
            "keywords": [
                "library",
                "modules",
                "mvc",
                "php",
                "wordpress",
                "wplib"
            ],
            "support": {
                "email": "support@wplib.org",
                "issues": "https://github.com/wplib/wplib/issues",
                "forum": "https://wplib.slack.com/",
                "source": "https://github.com/wplib/wplib",
                "docs": "http://wplib.org"
            },
            "time": "2016-06-20 08:26:17"
        }
    ],
    "packages-dev": [],
    "aliases": [],
    "minimum-stability": "stable",
    "stability-flags": {
        "composer/installers": 20
    },
    "prefer-stable": false,
    "prefer-lowest": false,
    "platform": [],
    "platform-dev": []
}
