{
    "_readme": [
        "This file locks the dependencies of your project to a known state",
        "Read more about it at https://getcomposer.org/doc/01-basic-usage.md#composer-lock-the-lock-file",
        "This file is @generated automatically"
    ],
    "hash": "96f6164d6f17b76b13db3b162614cb03",
    "content-hash": "483ece3f917f8f5a4069f932b5ad133f",
    "packages": [
        {
            "name": "composer/installers",
            "version": "dev-master",
            "source": {
                "type": "git",
                "url": "http://github.org/wplib/installers",
                "reference": "297a9c25c44996d37ce710c87c62e3f13fc5f3c7"
            },
            "require": {
                "composer-plugin-api": "1.0.0"
            },
            "replace": {
                "roundcube/plugin-installer": "*",
                "shama/baton": "*"
            },
            "require-dev": {
                "composer/composer": "1.0.*@dev",
                "phpunit/phpunit": "4.1.*"
            },
            "type": "composer-plugin",
            "extra": {
                "class": "Composer\\Installers\\Plugin",
                "branch-alias": {
                    "dev-master": "1.0-dev"
                }
            },
            "autoload": {
                "psr-0": {
                    "Composer\\Installers\\": "src/"
                }
            },
            "license": [
                "MIT"
            ],
            "authors": [
                {
                    "name": "Kyle Robinson Young",
                    "email": "kyle@dontkry.com",
                    "homepage": "https://github.com/shama"
                }
            ],
            "description": "A multi-framework Composer library installer",
            "homepage": "http://composer.github.com/installers/",
            "keywords": [
                "AGL",
                "Aimeos",
                "AnnotateCms",
                "Bitrix",
                "CakePHP",
                "Chef",
                "CodeIgniter",
                "Craft",
                "Croogo",
                "DokuWiki",
                "Dolibarr",
                "Drupal",
                "Elgg",
                "FuelPHP",
                "Grav",
                "Hurad",
                "Joomla",
                "Kohana",
                "Laravel",
                "Lithium",
                "MODULEWork",
                "MODX Evo",
                "Magento",
                "Mako",
                "MediaWiki",
                "Moodle",
                "OXID",
                "PPI",
                "Piwik",
                "Puppet",
                "Roundcube",
                "SMF",
                "SilverStripe",
                "TYPO3",
                "Thelia",
                "WolfCMS",
                "WordPress",
                "Zend",
                "Zikula",
                "concrete5",
                "installer",
                "phpBB",
                "shopware",
                "symfony"
            ],
            "time": "2015-11-12 16:19:08"
        },
        {
            "name": "johnpbloch/wordpress-core-installer",
            "version": "0.2.1",
            "source": {
                "type": "git",
                "url": "https://github.com/johnpbloch/wordpress-core-installer.git",
                "reference": "a04c2c383ef13aae077f36799ed2eafdebd618d2"
            },
            "dist": {
                "type": "zip",
                "url": "https://api.github.com/repos/johnpbloch/wordpress-core-installer/zipball/a04c2c383ef13aae077f36799ed2eafdebd618d2",
                "reference": "a04c2c383ef13aae077f36799ed2eafdebd618d2",
                "shasum": ""
            },
            "require": {
                "composer-plugin-api": "^1.0"
            },
            "conflict": {
                "composer/installers": "<1.0.6"
            },
            "require-dev": {
                "composer/composer": "1.0.*@dev"
            },
            "type": "composer-plugin",
            "extra": {
                "class": "johnpbloch\\Composer\\WordPressCorePlugin"
            },
            "autoload": {
                "psr-0": {
                    "johnpbloch\\Composer\\": "src/"
                }
            },
            "notification-url": "https://packagist.org/downloads/",
            "license": [
                "GPL-2.0+"
            ],
            "authors": [
                {
                    "name": "John P. Bloch",
                    "email": "me@johnpbloch.com"
                }
            ],
            "description": "A custom installer to handle deploying WordPress with composer",
            "keywords": [
                "wordpress"
            ],
            "time": "2015-06-11 15:15:30"
        },
        {
            "name": "wplib/wordpress",
            "version": "4.3.1",
            "source": {
                "type": "git",
                "url": "https://github.com/wplib/wordpress.git",
                "reference": "cfcf25eb42baeb7316a61c7a64e9a1ab3e291f2f"
            },
            "dist": {
                "type": "zip",
                "url": "https://api.github.com/repos/wplib/wordpress/zipball/cfcf25eb42baeb7316a61c7a64e9a1ab3e291f2f",
                "reference": "cfcf25eb42baeb7316a61c7a64e9a1ab3e291f2f",
                "shasum": ""
            },
            "require": {
                "johnpbloch/wordpress-core-installer": "~0.2",
                "php": ">=5.3.2"
            },
            "type": "wordpress-core",
            "notification-url": "https://packagist.org/downloads/",
            "license": [
                "GPL-2.0+"
            ],
            "authors": [
                {
                    "name": "WordPress Community",
                    "homepage": "http://wordpress.org/about/"
                }
            ],
            "description": "WordPress is web software you can use to create a beautiful website or blog.",
            "homepage": "http://wordpress.org/",
            "keywords": [
                "blog",
                "cms"
            ],
            "time": "2015-09-15 15:01:23"
        },
        {
            "name": "wplib/wplib",
            "version": "0.6.6",
            "source": {
                "type": "git",
                "url": "http://github.org/wplib/wplib",
                "reference": "f1ada5c6d5bf7017f3f511a3395ed4a0e868b2ea"
            },
            "type": "wordpress-library",
            "license": [
                "GPL-2.0+"
            ],
            "authors": [
                {
                    "name": "The WPLib Team",
                    "email": "wplib@newclarity.net",
                    "homepage": "http://wplib.org",
                    "role": "WordPress Developer and Architect"
                }
            ],
            "description": "WPLib is a Foundation Library for building custom WordPress Sites.",
            "time": "2015-11-16 02:23:49"
        }
    ],
    "packages-dev": [],
    "aliases": [],
    "minimum-stability": "stable",
    "stability-flags": {
        "composer/installers": 20,
        "wplib/wordpress": 0
    },
    "prefer-stable": false,
    "prefer-lowest": false,
    "platform": [],
    "platform-dev": []
}
